// !$*UTF8*$!
{
	archiveVersion = 1;
	classes = {
	};
	objectVersion = 56;
	objects = {

/* Begin PBXBuildFile section */
		671D39162AE9C7AD00B74D69 /* ConnectivityStateModel.swift in Sources */ = {isa = PBXBuildFile; fileRef = 671D39152AE9C7AD00B74D69 /* ConnectivityStateModel.swift */; };
		671D39172AE9C7AD00B74D69 /* ConnectivityStateModel.swift in Sources */ = {isa = PBXBuildFile; fileRef = 671D39152AE9C7AD00B74D69 /* ConnectivityStateModel.swift */; };
		6726D2D62A36B44A0005DAC5 /* WatchLoggerApp.swift in Sources */ = {isa = PBXBuildFile; fileRef = 6726D2D52A36B44A0005DAC5 /* WatchLoggerApp.swift */; };
		6726D2D82A36B44A0005DAC5 /* ContentView.swift in Sources */ = {isa = PBXBuildFile; fileRef = 6726D2D72A36B44A0005DAC5 /* ContentView.swift */; };
		6726D2DA2A36B44B0005DAC5 /* Assets.xcassets in Resources */ = {isa = PBXBuildFile; fileRef = 6726D2D92A36B44B0005DAC5 /* Assets.xcassets */; };
		6726D2DD2A36B44B0005DAC5 /* Preview Assets.xcassets in Resources */ = {isa = PBXBuildFile; fileRef = 6726D2DC2A36B44B0005DAC5 /* Preview Assets.xcassets */; };
		6726D2E32A36B44B0005DAC5 /* WatchLogger Watch App.app in Embed Watch Content */ = {isa = PBXBuildFile; fileRef = 6726D2E22A36B44B0005DAC5 /* WatchLogger Watch App.app */; settings = {ATTRIBUTES = (RemoveHeadersOnCopy, ); }; };
		6726D2E82A36B44B0005DAC5 /* WatchLoggerApp.swift in Sources */ = {isa = PBXBuildFile; fileRef = 6726D2E72A36B44B0005DAC5 /* WatchLoggerApp.swift */; };
		6726D2EA2A36B44B0005DAC5 /* ContentView.swift in Sources */ = {isa = PBXBuildFile; fileRef = 6726D2E92A36B44B0005DAC5 /* ContentView.swift */; };
		6726D2EC2A36B44B0005DAC5 /* Assets.xcassets in Resources */ = {isa = PBXBuildFile; fileRef = 6726D2EB2A36B44B0005DAC5 /* Assets.xcassets */; };
		6726D2EF2A36B44B0005DAC5 /* Preview Assets.xcassets in Resources */ = {isa = PBXBuildFile; fileRef = 6726D2EE2A36B44B0005DAC5 /* Preview Assets.xcassets */; };
		67C3E2892AEC63940087E095 /* LogModel.swift in Sources */ = {isa = PBXBuildFile; fileRef = 67C3E2882AEC63940087E095 /* LogModel.swift */; };
		67C3E28A2AEC63940087E095 /* LogModel.swift in Sources */ = {isa = PBXBuildFile; fileRef = 67C3E2882AEC63940087E095 /* LogModel.swift */; };
		67D3B1522A37444D00895D13 /* WatchLoggerViewModel.swift in Sources */ = {isa = PBXBuildFile; fileRef = 67D3B1512A37444D00895D13 /* WatchLoggerViewModel.swift */; };
		67D3B1542A385E6000895D13 /* WatchLoggerViewModel.swift in Sources */ = {isa = PBXBuildFile; fileRef = 67D3B1532A385E6000895D13 /* WatchLoggerViewModel.swift */; };
/* End PBXBuildFile section */

/* Begin PBXContainerItemProxy section */
		6726D2E42A36B44B0005DAC5 /* PBXContainerItemProxy */ = {
			isa = PBXContainerItemProxy;
			containerPortal = 6726D2CA2A36B44A0005DAC5 /* Project object */;
			proxyType = 1;
			remoteGlobalIDString = 6726D2E12A36B44B0005DAC5;
			remoteInfo = "WatchLogger Watch App";
		};
/* End PBXContainerItemProxy section */

/* Begin PBXCopyFilesBuildPhase section */
		6726D2F52A36B44B0005DAC5 /* Embed Watch Content */ = {
			isa = PBXCopyFilesBuildPhase;
			buildActionMask = 2147483647;
			dstPath = "$(CONTENTS_FOLDER_PATH)/Watch";
			dstSubfolderSpec = 16;
			files = (
				6726D2E32A36B44B0005DAC5 /* WatchLogger Watch App.app in Embed Watch Content */,
			);
			name = "Embed Watch Content";
			runOnlyForDeploymentPostprocessing = 0;
		};
/* End PBXCopyFilesBuildPhase section */

/* Begin PBXFileReference section */
		671D39152AE9C7AD00B74D69 /* ConnectivityStateModel.swift */ = {isa = PBXFileReference; lastKnownFileType = sourcecode.swift; path = ConnectivityStateModel.swift; sourceTree = "<group>"; };
		6726D2D22A36B44A0005DAC5 /* WatchLogger.app */ = {isa = PBXFileReference; explicitFileType = wrapper.application; includeInIndex = 0; path = WatchLogger.app; sourceTree = BUILT_PRODUCTS_DIR; };
		6726D2D52A36B44A0005DAC5 /* WatchLoggerApp.swift */ = {isa = PBXFileReference; lastKnownFileType = sourcecode.swift; path = WatchLoggerApp.swift; sourceTree = "<group>"; };
		6726D2D72A36B44A0005DAC5 /* ContentView.swift */ = {isa = PBXFileReference; lastKnownFileType = sourcecode.swift; path = ContentView.swift; sourceTree = "<group>"; };
		6726D2D92A36B44B0005DAC5 /* Assets.xcassets */ = {isa = PBXFileReference; lastKnownFileType = folder.assetcatalog; path = Assets.xcassets; sourceTree = "<group>"; };
		6726D2DC2A36B44B0005DAC5 /* Preview Assets.xcassets */ = {isa = PBXFileReference; lastKnownFileType = folder.assetcatalog; path = "Preview Assets.xcassets"; sourceTree = "<group>"; };
		6726D2E22A36B44B0005DAC5 /* WatchLogger Watch App.app */ = {isa = PBXFileReference; explicitFileType = wrapper.application; includeInIndex = 0; path = "WatchLogger Watch App.app"; sourceTree = BUILT_PRODUCTS_DIR; };
		6726D2E72A36B44B0005DAC5 /* WatchLoggerApp.swift */ = {isa = PBXFileReference; lastKnownFileType = sourcecode.swift; path = WatchLoggerApp.swift; sourceTree = "<group>"; };
		6726D2E92A36B44B0005DAC5 /* ContentView.swift */ = {isa = PBXFileReference; lastKnownFileType = sourcecode.swift; path = ContentView.swift; sourceTree = "<group>"; };
		6726D2EB2A36B44B0005DAC5 /* Assets.xcassets */ = {isa = PBXFileReference; lastKnownFileType = folder.assetcatalog; path = Assets.xcassets; sourceTree = "<group>"; };
		6726D2EE2A36B44B0005DAC5 /* Preview Assets.xcassets */ = {isa = PBXFileReference; lastKnownFileType = folder.assetcatalog; path = "Preview Assets.xcassets"; sourceTree = "<group>"; };
		6726D2FE2A36BACF0005DAC5 /* WatchLogger-Watch-App-Info.plist */ = {isa = PBXFileReference; lastKnownFileType = text.plist; path = "WatchLogger-Watch-App-Info.plist"; sourceTree = SOURCE_ROOT; };
		67C3E2882AEC63940087E095 /* LogModel.swift */ = {isa = PBXFileReference; lastKnownFileType = sourcecode.swift; path = LogModel.swift; sourceTree = "<group>"; };
		67D3B1512A37444D00895D13 /* WatchLoggerViewModel.swift */ = {isa = PBXFileReference; lastKnownFileType = sourcecode.swift; path = WatchLoggerViewModel.swift; sourceTree = "<group>"; };
		67D3B1532A385E6000895D13 /* WatchLoggerViewModel.swift */ = {isa = PBXFileReference; lastKnownFileType = sourcecode.swift; path = WatchLoggerViewModel.swift; sourceTree = "<group>"; };
/* End PBXFileReference section */

/* Begin PBXFrameworksBuildPhase section */
		6726D2CF2A36B44A0005DAC5 /* Frameworks */ = {
			isa = PBXFrameworksBuildPhase;
			buildActionMask = 2147483647;
			files = (
			);
			runOnlyForDeploymentPostprocessing = 0;
		};
		6726D2DF2A36B44B0005DAC5 /* Frameworks */ = {
			isa = PBXFrameworksBuildPhase;
			buildActionMask = 2147483647;
			files = (
			);
			runOnlyForDeploymentPostprocessing = 0;
		};
/* End PBXFrameworksBuildPhase section */

/* Begin PBXGroup section */
		671D39142AE9C79500B74D69 /* Misc */ = {
			isa = PBXGroup;
			children = (
				671D39152AE9C7AD00B74D69 /* ConnectivityStateModel.swift */,
				67C3E2882AEC63940087E095 /* LogModel.swift */,
			);
			path = Misc;
			sourceTree = "<group>";
		};
		6726D2C92A36B44A0005DAC5 = {
			isa = PBXGroup;
			children = (
				671D39142AE9C79500B74D69 /* Misc */,
				6726D2D42A36B44A0005DAC5 /* WatchLogger */,
				6726D2E62A36B44B0005DAC5 /* WatchLogger Watch App */,
				6726D2D32A36B44A0005DAC5 /* Products */,
			);
			sourceTree = "<group>";
		};
		6726D2D32A36B44A0005DAC5 /* Products */ = {
			isa = PBXGroup;
			children = (
				6726D2D22A36B44A0005DAC5 /* WatchLogger.app */,
				6726D2E22A36B44B0005DAC5 /* WatchLogger Watch App.app */,
			);
			name = Products;
			sourceTree = "<group>";
		};
		6726D2D42A36B44A0005DAC5 /* WatchLogger */ = {
			isa = PBXGroup;
			children = (
				6726D2D52A36B44A0005DAC5 /* WatchLoggerApp.swift */,
				67D3B1532A385E6000895D13 /* WatchLoggerViewModel.swift */,
				6726D2D72A36B44A0005DAC5 /* ContentView.swift */,
				6726D2D92A36B44B0005DAC5 /* Assets.xcassets */,
				6726D2DB2A36B44B0005DAC5 /* Preview Content */,
			);
			path = WatchLogger;
			sourceTree = "<group>";
		};
		6726D2DB2A36B44B0005DAC5 /* Preview Content */ = {
			isa = PBXGroup;
			children = (
				6726D2DC2A36B44B0005DAC5 /* Preview Assets.xcassets */,
			);
			path = "Preview Content";
			sourceTree = "<group>";
		};
		6726D2E62A36B44B0005DAC5 /* WatchLogger Watch App */ = {
			isa = PBXGroup;
			children = (
				6726D2FE2A36BACF0005DAC5 /* WatchLogger-Watch-App-Info.plist */,
				6726D2E72A36B44B0005DAC5 /* WatchLoggerApp.swift */,
				67D3B1512A37444D00895D13 /* WatchLoggerViewModel.swift */,
				6726D2E92A36B44B0005DAC5 /* ContentView.swift */,
				6726D2EB2A36B44B0005DAC5 /* Assets.xcassets */,
				6726D2ED2A36B44B0005DAC5 /* Preview Content */,
			);
			path = "WatchLogger Watch App";
			sourceTree = "<group>";
		};
		6726D2ED2A36B44B0005DAC5 /* Preview Content */ = {
			isa = PBXGroup;
			children = (
				6726D2EE2A36B44B0005DAC5 /* Preview Assets.xcassets */,
			);
			path = "Preview Content";
			sourceTree = "<group>";
		};
/* End PBXGroup section */

/* Begin PBXNativeTarget section */
		6726D2D12A36B44A0005DAC5 /* WatchLogger */ = {
			isa = PBXNativeTarget;
			buildConfigurationList = 6726D2F62A36B44B0005DAC5 /* Build configuration list for PBXNativeTarget "WatchLogger" */;
			buildPhases = (
				6726D2CE2A36B44A0005DAC5 /* Sources */,
				6726D2CF2A36B44A0005DAC5 /* Frameworks */,
				6726D2D02A36B44A0005DAC5 /* Resources */,
				6726D2F52A36B44B0005DAC5 /* Embed Watch Content */,
			);
			buildRules = (
			);
			dependencies = (
				6726D2E52A36B44B0005DAC5 /* PBXTargetDependency */,
			);
			name = WatchLogger;
			productName = WatchLogger;
			productReference = 6726D2D22A36B44A0005DAC5 /* WatchLogger.app */;
			productType = "com.apple.product-type.application";
		};
		6726D2E12A36B44B0005DAC5 /* WatchLogger Watch App */ = {
			isa = PBXNativeTarget;
			buildConfigurationList = 6726D2F22A36B44B0005DAC5 /* Build configuration list for PBXNativeTarget "WatchLogger Watch App" */;
			buildPhases = (
				6726D2DE2A36B44B0005DAC5 /* Sources */,
				6726D2DF2A36B44B0005DAC5 /* Frameworks */,
				6726D2E02A36B44B0005DAC5 /* Resources */,
			);
			buildRules = (
			);
			dependencies = (
			);
			name = "WatchLogger Watch App";
			productName = "WatchLogger Watch App";
			productReference = 6726D2E22A36B44B0005DAC5 /* WatchLogger Watch App.app */;
			productType = "com.apple.product-type.application";
		};
/* End PBXNativeTarget section */

/* Begin PBXProject section */
		6726D2CA2A36B44A0005DAC5 /* Project object */ = {
			isa = PBXProject;
			attributes = {
				BuildIndependentTargetsInParallel = 1;
				LastSwiftUpdateCheck = 1500;
				LastUpgradeCheck = 1500;
				TargetAttributes = {
					6726D2D12A36B44A0005DAC5 = {
						CreatedOnToolsVersion = 15.0;
					};
					6726D2E12A36B44B0005DAC5 = {
						CreatedOnToolsVersion = 15.0;
					};
				};
			};
			buildConfigurationList = 6726D2CD2A36B44A0005DAC5 /* Build configuration list for PBXProject "WatchLogger" */;
			compatibilityVersion = "Xcode 14.0";
			developmentRegion = en;
			hasScannedForEncodings = 0;
			knownRegions = (
				en,
				Base,
			);
			mainGroup = 6726D2C92A36B44A0005DAC5;
			productRefGroup = 6726D2D32A36B44A0005DAC5 /* Products */;
			projectDirPath = "";
			projectRoot = "";
			targets = (
				6726D2D12A36B44A0005DAC5 /* WatchLogger */,
				6726D2E12A36B44B0005DAC5 /* WatchLogger Watch App */,
			);
		};
/* End PBXProject section */

/* Begin PBXResourcesBuildPhase section */
		6726D2D02A36B44A0005DAC5 /* Resources */ = {
			isa = PBXResourcesBuildPhase;
			buildActionMask = 2147483647;
			files = (
				6726D2DD2A36B44B0005DAC5 /* Preview Assets.xcassets in Resources */,
				6726D2DA2A36B44B0005DAC5 /* Assets.xcassets in Resources */,
			);
			runOnlyForDeploymentPostprocessing = 0;
		};
		6726D2E02A36B44B0005DAC5 /* Resources */ = {
			isa = PBXResourcesBuildPhase;
			buildActionMask = 2147483647;
			files = (
				6726D2EF2A36B44B0005DAC5 /* Preview Assets.xcassets in Resources */,
				6726D2EC2A36B44B0005DAC5 /* Assets.xcassets in Resources */,
			);
			runOnlyForDeploymentPostprocessing = 0;
		};
/* End PBXResourcesBuildPhase section */

/* Begin PBXSourcesBuildPhase section */
		6726D2CE2A36B44A0005DAC5 /* Sources */ = {
			isa = PBXSourcesBuildPhase;
			buildActionMask = 2147483647;
			files = (
				671D39162AE9C7AD00B74D69 /* ConnectivityStateModel.swift in Sources */,
				67D3B1542A385E6000895D13 /* WatchLoggerViewModel.swift in Sources */,
				6726D2D82A36B44A0005DAC5 /* ContentView.swift in Sources */,
				67C3E2892AEC63940087E095 /* LogModel.swift in Sources */,
				6726D2D62A36B44A0005DAC5 /* WatchLoggerApp.swift in Sources */,
			);
			runOnlyForDeploymentPostprocessing = 0;
		};
		6726D2DE2A36B44B0005DAC5 /* Sources */ = {
			isa = PBXSourcesBuildPhase;
			buildActionMask = 2147483647;
			files = (
				6726D2EA2A36B44B0005DAC5 /* ContentView.swift in Sources */,
				6726D2E82A36B44B0005DAC5 /* WatchLoggerApp.swift in Sources */,
				671D39172AE9C7AD00B74D69 /* ConnectivityStateModel.swift in Sources */,
				67C3E28A2AEC63940087E095 /* LogModel.swift in Sources */,
				67D3B1522A37444D00895D13 /* WatchLoggerViewModel.swift in Sources */,
			);
			runOnlyForDeploymentPostprocessing = 0;
		};
/* End PBXSourcesBuildPhase section */

/* Begin PBXTargetDependency section */
		6726D2E52A36B44B0005DAC5 /* PBXTargetDependency */ = {
			isa = PBXTargetDependency;
			target = 6726D2E12A36B44B0005DAC5 /* WatchLogger Watch App */;
			targetProxy = 6726D2E42A36B44B0005DAC5 /* PBXContainerItemProxy */;
		};
/* End PBXTargetDependency section */

/* Begin XCBuildConfiguration section */
		6726D2F02A36B44B0005DAC5 /* Debug */ = {
			isa = XCBuildConfiguration;
			buildSettings = {
				ALWAYS_SEARCH_USER_PATHS = NO;
				ASSETCATALOG_COMPILER_GENERATE_SWIFT_ASSET_SYMBOL_EXTENSIONS = YES;
				CLANG_ANALYZER_NONNULL = YES;
				CLANG_ANALYZER_NUMBER_OBJECT_CONVERSION = YES_AGGRESSIVE;
				CLANG_CXX_LANGUAGE_STANDARD = "gnu++20";
				CLANG_ENABLE_MODULES = YES;
				CLANG_ENABLE_OBJC_ARC = YES;
				CLANG_ENABLE_OBJC_WEAK = YES;
				CLANG_WARN_BLOCK_CAPTURE_AUTORELEASING = YES;
				CLANG_WARN_BOOL_CONVERSION = YES;
				CLANG_WARN_COMMA = YES;
				CLANG_WARN_CONSTANT_CONVERSION = YES;
				CLANG_WARN_DEPRECATED_OBJC_IMPLEMENTATIONS = YES;
				CLANG_WARN_DIRECT_OBJC_ISA_USAGE = YES_ERROR;
				CLANG_WARN_DOCUMENTATION_COMMENTS = YES;
				CLANG_WARN_EMPTY_BODY = YES;
				CLANG_WARN_ENUM_CONVERSION = YES;
				CLANG_WARN_INFINITE_RECURSION = YES;
				CLANG_WARN_INT_CONVERSION = YES;
				CLANG_WARN_NON_LITERAL_NULL_CONVERSION = YES;
				CLANG_WARN_OBJC_IMPLICIT_RETAIN_SELF = YES;
				CLANG_WARN_OBJC_LITERAL_CONVERSION = YES;
				CLANG_WARN_OBJC_ROOT_CLASS = YES_ERROR;
				CLANG_WARN_QUOTED_INCLUDE_IN_FRAMEWORK_HEADER = YES;
				CLANG_WARN_RANGE_LOOP_ANALYSIS = YES;
				CLANG_WARN_STRICT_PROTOTYPES = YES;
				CLANG_WARN_SUSPICIOUS_MOVE = YES;
				CLANG_WARN_UNGUARDED_AVAILABILITY = YES_AGGRESSIVE;
				CLANG_WARN_UNREACHABLE_CODE = YES;
				CLANG_WARN__DUPLICATE_METHOD_MATCH = YES;
				COPY_PHASE_STRIP = NO;
				DEBUG_INFORMATION_FORMAT = dwarf;
				ENABLE_STRICT_OBJC_MSGSEND = YES;
				ENABLE_TESTABILITY = YES;
				ENABLE_USER_SCRIPT_SANDBOXING = YES;
				GCC_C_LANGUAGE_STANDARD = gnu17;
				GCC_DYNAMIC_NO_PIC = NO;
				GCC_NO_COMMON_BLOCKS = YES;
				GCC_OPTIMIZATION_LEVEL = 0;
				GCC_PREPROCESSOR_DEFINITIONS = (
					"DEBUG=1",
					"$(inherited)",
				);
				GCC_WARN_64_TO_32_BIT_CONVERSION = YES;
				GCC_WARN_ABOUT_RETURN_TYPE = YES_ERROR;
				GCC_WARN_UNDECLARED_SELECTOR = YES;
				GCC_WARN_UNINITIALIZED_AUTOS = YES_AGGRESSIVE;
				GCC_WARN_UNUSED_FUNCTION = YES;
				GCC_WARN_UNUSED_VARIABLE = YES;
				LOCALIZATION_PREFERS_STRING_CATALOGS = YES;
				MTL_ENABLE_DEBUG_INFO = INCLUDE_SOURCE;
				MTL_FAST_MATH = YES;
				ONLY_ACTIVE_ARCH = YES;
				SWIFT_ACTIVE_COMPILATION_CONDITIONS = "DEBUG $(inherited)";
				SWIFT_OPTIMIZATION_LEVEL = "-Onone";
			};
			name = Debug;
		};
		6726D2F12A36B44B0005DAC5 /* Release */ = {
			isa = XCBuildConfiguration;
			buildSettings = {
				ALWAYS_SEARCH_USER_PATHS = NO;
				ASSETCATALOG_COMPILER_GENERATE_SWIFT_ASSET_SYMBOL_EXTENSIONS = YES;
				CLANG_ANALYZER_NONNULL = YES;
				CLANG_ANALYZER_NUMBER_OBJECT_CONVERSION = YES_AGGRESSIVE;
				CLANG_CXX_LANGUAGE_STANDARD = "gnu++20";
				CLANG_ENABLE_MODULES = YES;
				CLANG_ENABLE_OBJC_ARC = YES;
				CLANG_ENABLE_OBJC_WEAK = YES;
				CLANG_WARN_BLOCK_CAPTURE_AUTORELEASING = YES;
				CLANG_WARN_BOOL_CONVERSION = YES;
				CLANG_WARN_COMMA = YES;
				CLANG_WARN_CONSTANT_CONVERSION = YES;
				CLANG_WARN_DEPRECATED_OBJC_IMPLEMENTATIONS = YES;
				CLANG_WARN_DIRECT_OBJC_ISA_USAGE = YES_ERROR;
				CLANG_WARN_DOCUMENTATION_COMMENTS = YES;
				CLANG_WARN_EMPTY_BODY = YES;
				CLANG_WARN_ENUM_CONVERSION = YES;
				CLANG_WARN_INFINITE_RECURSION = YES;
				CLANG_WARN_INT_CONVERSION = YES;
				CLANG_WARN_NON_LITERAL_NULL_CONVERSION = YES;
				CLANG_WARN_OBJC_IMPLICIT_RETAIN_SELF = YES;
				CLANG_WARN_OBJC_LITERAL_CONVERSION = YES;
				CLANG_WARN_OBJC_ROOT_CLASS = YES_ERROR;
				CLANG_WARN_QUOTED_INCLUDE_IN_FRAMEWORK_HEADER = YES;
				CLANG_WARN_RANGE_LOOP_ANALYSIS = YES;
				CLANG_WARN_STRICT_PROTOTYPES = YES;
				CLANG_WARN_SUSPICIOUS_MOVE = YES;
				CLANG_WARN_UNGUARDED_AVAILABILITY = YES_AGGRESSIVE;
				CLANG_WARN_UNREACHABLE_CODE = YES;
				CLANG_WARN__DUPLICATE_METHOD_MATCH = YES;
				COPY_PHASE_STRIP = NO;
				DEBUG_INFORMATION_FORMAT = "dwarf-with-dsym";
				ENABLE_NS_ASSERTIONS = NO;
				ENABLE_STRICT_OBJC_MSGSEND = YES;
				ENABLE_USER_SCRIPT_SANDBOXING = YES;
				GCC_C_LANGUAGE_STANDARD = gnu17;
				GCC_NO_COMMON_BLOCKS = YES;
				GCC_WARN_64_TO_32_BIT_CONVERSION = YES;
				GCC_WARN_ABOUT_RETURN_TYPE = YES_ERROR;
				GCC_WARN_UNDECLARED_SELECTOR = YES;
				GCC_WARN_UNINITIALIZED_AUTOS = YES_AGGRESSIVE;
				GCC_WARN_UNUSED_FUNCTION = YES;
				GCC_WARN_UNUSED_VARIABLE = YES;
				LOCALIZATION_PREFERS_STRING_CATALOGS = YES;
				MTL_ENABLE_DEBUG_INFO = NO;
				MTL_FAST_MATH = YES;
				SWIFT_COMPILATION_MODE = wholemodule;
			};
			name = Release;
		};
		6726D2F32A36B44B0005DAC5 /* Debug */ = {
			isa = XCBuildConfiguration;
			buildSettings = {
				ASSETCATALOG_COMPILER_APPICON_NAME = AppIcon;
				ASSETCATALOG_COMPILER_GLOBAL_ACCENT_COLOR_NAME = AccentColor;
				CODE_SIGN_IDENTITY = "Apple Development";
				CODE_SIGN_STYLE = Automatic;
				CURRENT_PROJECT_VERSION = 1;
				DEVELOPMENT_ASSET_PATHS = "\"WatchLogger Watch App/Preview Content\"";
				DEVELOPMENT_TEAM = R3SP44446X;
				ENABLE_PREVIEWS = YES;
				GENERATE_INFOPLIST_FILE = YES;
				INFOPLIST_FILE = "WatchLogger-Watch-App-Info.plist";
				INFOPLIST_KEY_CFBundleDisplayName = WatchLogger;
				INFOPLIST_KEY_NSMotionUsageDescription = "This app will collect motion data from your Apple Watch.";
				INFOPLIST_KEY_UISupportedInterfaceOrientations = "UIInterfaceOrientationPortrait UIInterfaceOrientationPortraitUpsideDown";
				INFOPLIST_KEY_WKCompanionAppBundleIdentifier = com.yiwashita.WatchLogger;
				LD_RUNPATH_SEARCH_PATHS = (
					"$(inherited)",
					"@executable_path/Frameworks",
				);
				MARKETING_VERSION = 1.0;
				PRODUCT_BUNDLE_IDENTIFIER = com.yiwashita.WatchLogger.watchkitapp;
				PRODUCT_NAME = "$(TARGET_NAME)";
				PROVISIONING_PROFILE_SPECIFIER = "";
				SDKROOT = watchos;
				SKIP_INSTALL = YES;
				SWIFT_EMIT_LOC_STRINGS = YES;
				SWIFT_VERSION = 5.0;
				TARGETED_DEVICE_FAMILY = 4;
				WATCHOS_DEPLOYMENT_TARGET = 10.0;
			};
			name = Debug;
		};
		6726D2F42A36B44B0005DAC5 /* Release */ = {
			isa = XCBuildConfiguration;
			buildSettings = {
				ASSETCATALOG_COMPILER_APPICON_NAME = AppIcon;
				ASSETCATALOG_COMPILER_GLOBAL_ACCENT_COLOR_NAME = AccentColor;
				CODE_SIGN_IDENTITY = "Apple Development";
				CODE_SIGN_STYLE = Automatic;
				CURRENT_PROJECT_VERSION = 1;
				DEVELOPMENT_ASSET_PATHS = "\"WatchLogger Watch App/Preview Content\"";
				DEVELOPMENT_TEAM = R3SP44446X;
				ENABLE_PREVIEWS = YES;
				GENERATE_INFOPLIST_FILE = YES;
				INFOPLIST_FILE = "WatchLogger-Watch-App-Info.plist";
				INFOPLIST_KEY_CFBundleDisplayName = WatchLogger;
				INFOPLIST_KEY_NSMotionUsageDescription = "This app will collect motion data from your Apple Watch.";
				INFOPLIST_KEY_UISupportedInterfaceOrientations = "UIInterfaceOrientationPortrait UIInterfaceOrientationPortraitUpsideDown";
				INFOPLIST_KEY_WKCompanionAppBundleIdentifier = com.yiwashita.WatchLogger;
				LD_RUNPATH_SEARCH_PATHS = (
					"$(inherited)",
					"@executable_path/Frameworks",
				);
				MARKETING_VERSION = 1.0;
				PRODUCT_BUNDLE_IDENTIFIER = com.yiwashita.WatchLogger.watchkitapp;
				PRODUCT_NAME = "$(TARGET_NAME)";
				PROVISIONING_PROFILE_SPECIFIER = "";
				SDKROOT = watchos;
				SKIP_INSTALL = YES;
				SWIFT_EMIT_LOC_STRINGS = YES;
				SWIFT_VERSION = 5.0;
				TARGETED_DEVICE_FAMILY = 4;
				VALIDATE_PRODUCT = YES;
				WATCHOS_DEPLOYMENT_TARGET = 10.0;
			};
			name = Release;
		};
		6726D2F72A36B44B0005DAC5 /* Debug */ = {
			isa = XCBuildConfiguration;
			buildSettings = {
				ALWAYS_EMBED_SWIFT_STANDARD_LIBRARIES = YES;
				ASSETCATALOG_COMPILER_APPICON_NAME = AppIcon;
				ASSETCATALOG_COMPILER_GLOBAL_ACCENT_COLOR_NAME = AccentColor;
				CODE_SIGN_IDENTITY = "Apple Development";
				CODE_SIGN_STYLE = Automatic;
				CURRENT_PROJECT_VERSION = 1;
				DEVELOPMENT_ASSET_PATHS = "\"WatchLogger/Preview Content\"";
				DEVELOPMENT_TEAM = R3SP44446X;
				ENABLE_PREVIEWS = YES;
				GENERATE_INFOPLIST_FILE = YES;
				INFOPLIST_KEY_CFBundleDisplayName = WatchLogger;
				INFOPLIST_KEY_LSApplicationCategoryType = "public.app-category.utilities";
				INFOPLIST_KEY_UIApplicationSceneManifest_Generation = YES;
				INFOPLIST_KEY_UIApplicationSupportsIndirectInputEvents = YES;
				INFOPLIST_KEY_UILaunchScreen_Generation = YES;
				INFOPLIST_KEY_UISupportedInterfaceOrientations_iPad = "UIInterfaceOrientationPortrait UIInterfaceOrientationPortraitUpsideDown UIInterfaceOrientationLandscapeLeft UIInterfaceOrientationLandscapeRight";
				INFOPLIST_KEY_UISupportedInterfaceOrientations_iPhone = "UIInterfaceOrientationPortrait UIInterfaceOrientationLandscapeLeft UIInterfaceOrientationLandscapeRight";
				IPHONEOS_DEPLOYMENT_TARGET = 17.0;
				LD_RUNPATH_SEARCH_PATHS = (
					"$(inherited)",
					"@executable_path/Frameworks",
				);
				MARKETING_VERSION = 1.0;
				PRODUCT_BUNDLE_IDENTIFIER = com.yiwashita.WatchLogger;
				PRODUCT_NAME = "$(TARGET_NAME)";
				PROVISIONING_PROFILE_SPECIFIER = "";
				SDKROOT = iphoneos;
				SWIFT_EMIT_LOC_STRINGS = YES;
				SWIFT_VERSION = 5.0;
				TARGETED_DEVICE_FAMILY = "1,2";
			};
			name = Debug;
		};
		6726D2F82A36B44B0005DAC5 /* Release */ = {
			isa = XCBuildConfiguration;
			buildSettings = {
				ALWAYS_EMBED_SWIFT_STANDARD_LIBRARIES = YES;
				ASSETCATALOG_COMPILER_APPICON_NAME = AppIcon;
				ASSETCATALOG_COMPILER_GLOBAL_ACCENT_COLOR_NAME = AccentColor;
				CODE_SIGN_IDENTITY = "Apple Development";
				CODE_SIGN_STYLE = Automatic;
				CURRENT_PROJECT_VERSION = 1;
				DEVELOPMENT_ASSET_PATHS = "\"WatchLogger/Preview Content\"";
				DEVELOPMENT_TEAM = R3SP44446X;
				ENABLE_PREVIEWS = YES;
				GENERATE_INFOPLIST_FILE = YES;
				INFOPLIST_KEY_CFBundleDisplayName = WatchLogger;
				INFOPLIST_KEY_LSApplicationCategoryType = "public.app-category.utilities";
				INFOPLIST_KEY_UIApplicationSceneManifest_Generation = YES;
				INFOPLIST_KEY_UIApplicationSupportsIndirectInputEvents = YES;
				INFOPLIST_KEY_UILaunchScreen_Generation = YES;
				INFOPLIST_KEY_UISupportedInterfaceOrientations_iPad = "UIInterfaceOrientationPortrait UIInterfaceOrientationPortraitUpsideDown UIInterfaceOrientationLandscapeLeft UIInterfaceOrientationLandscapeRight";
				INFOPLIST_KEY_UISupportedInterfaceOrientations_iPhone = "UIInterfaceOrientationPortrait UIInterfaceOrientationLandscapeLeft UIInterfaceOrientationLandscapeRight";
				IPHONEOS_DEPLOYMENT_TARGET = 17.0;
				LD_RUNPATH_SEARCH_PATHS = (
					"$(inherited)",
					"@executable_path/Frameworks",
				);
				MARKETING_VERSION = 1.0;
				PRODUCT_BUNDLE_IDENTIFIER = com.yiwashita.WatchLogger;
				PRODUCT_NAME = "$(TARGET_NAME)";
				PROVISIONING_PROFILE_SPECIFIER = "";
				SDKROOT = iphoneos;
				SWIFT_EMIT_LOC_STRINGS = YES;
				SWIFT_VERSION = 5.0;
				TARGETED_DEVICE_FAMILY = "1,2";
				VALIDATE_PRODUCT = YES;
			};
			name = Release;
		};
/* End XCBuildConfiguration section */

/* Begin XCConfigurationList section */
		6726D2CD2A36B44A0005DAC5 /* Build configuration list for PBXProject "WatchLogger" */ = {
			isa = XCConfigurationList;
			buildConfigurations = (
				6726D2F02A36B44B0005DAC5 /* Debug */,
				6726D2F12A36B44B0005DAC5 /* Release */,
			);
			defaultConfigurationIsVisible = 0;
			defaultConfigurationName = Release;
		};
		6726D2F22A36B44B0005DAC5 /* Build configuration list for PBXNativeTarget "WatchLogger Watch App" */ = {
			isa = XCConfigurationList;
			buildConfigurations = (
				6726D2F32A36B44B0005DAC5 /* Debug */,
				6726D2F42A36B44B0005DAC5 /* Release */,
			);
			defaultConfigurationIsVisible = 0;
			defaultConfigurationName = Release;
		};
		6726D2F62A36B44B0005DAC5 /* Build configuration list for PBXNativeTarget "WatchLogger" */ = {
			isa = XCConfigurationList;
			buildConfigurations = (
				6726D2F72A36B44B0005DAC5 /* Debug */,
				6726D2F82A36B44B0005DAC5 /* Release */,
			);
			defaultConfigurationIsVisible = 0;
			defaultConfigurationName = Release;
		};
/* End XCConfigurationList section */
	};
	rootObject = 6726D2CA2A36B44A0005DAC5 /* Project object */;
}
